
Microsoft Visual Studio Solution File, Format Version 12.00
# Visual Studio Version 16
VisualStudioVersion = 16.0.31515.178
MinimumVisualStudioVersion = 10.0.40219.1
Project("{FAE04EC0-301F-11D3-BF4B-00C04F79EFBC}") = "Penta.Service", "Penta.Service\Penta.Service.csproj", "{8E7164D8-4F14-4F85-A72C-2957D97DFEBE}"
EndProject
Global
	GlobalSection(SolutionConfigurationPlatforms) = preSolution
		Debug|Any CPU = Debug|Any CPU
		Release|Any CPU = Release|Any CPU
	EndGlobalSection
	GlobalSection(ProjectConfigurationPlatforms) = postSolution
		{8E7164D8-4F14-4F85-A72C-2957D97DFEBE}.Debug|Any CPU.ActiveCfg = Debug|Any CPU
		{8E7164D8-4F14-4F85-A72C-2957D97DFEBE}.Debug|Any CPU.Build.0 = Debug|Any CPU
		{8E7164D8-4F14-4F85-A72C-2957D97DFEBE}.Release|Any CPU.ActiveCfg = Release|Any CPU
		{8E7164D8-4F14-4F85-A72C-2957D97DFEBE}.Release|Any CPU.Build.0 = Release|Any CPU
	EndGlobalSection
	GlobalSection(SolutionProperties) = preSolution
		HideSolutionNode = FALSE
	EndGlobalSection
	GlobalSection(ExtensibilityGlobals) = postSolution
		SolutionGuid = {4BA78041-741F-4944-9DE9-D73297A1DED7}
	EndGlobalSection
EndGlobal
